// !$*UTF8*$!
{
	archiveVersion = 1;
	classes = {
	};
	objectVersion = 55;
	objects = {

/* Begin PBXBuildFile section */
		9600BDD42836E1A300A71A3E /* GreycliffCF-DemiBold.ttf in Resources */ = {isa = PBXBuildFile; fileRef = 9600BDD02836E1A300A71A3E /* GreycliffCF-DemiBold.ttf */; };
		9600BDD52836E1A300A71A3E /* GreycliffCF-Bold.ttf in Resources */ = {isa = PBXBuildFile; fileRef = 9600BDD12836E1A300A71A3E /* GreycliffCF-Bold.ttf */; };
		9600BDD72836E1A300A71A3E /* GreycliffCF-Regular.ttf in Resources */ = {isa = PBXBuildFile; fileRef = 9600BDD32836E1A300A71A3E /* GreycliffCF-Regular.ttf */; };
		9600BDDA2836E4CE00A71A3E /* nasalization-rg.ttf in Resources */ = {isa = PBXBuildFile; fileRef = 9600BDD92836E4CE00A71A3E /* nasalization-rg.ttf */; };
		962E84D428340EC4009D09AF /* DemoViewModel.swift in Sources */ = {isa = PBXBuildFile; fileRef = 962E84D328340EC4009D09AF /* DemoViewModel.swift */; };
		96898F062833F49800D55C1F /* nextiles_demoApp.swift in Sources */ = {isa = PBXBuildFile; fileRef = 96898F052833F49800D55C1F /* nextiles_demoApp.swift */; };
		96898F0A2833F49900D55C1F /* Assets.xcassets in Resources */ = {isa = PBXBuildFile; fileRef = 96898F092833F49900D55C1F /* Assets.xcassets */; };
		96898F0D2833F49900D55C1F /* Preview Assets.xcassets in Resources */ = {isa = PBXBuildFile; fileRef = 96898F0C2833F49900D55C1F /* Preview Assets.xcassets */; };
		96898F172833F57F00D55C1F /* DemoView.swift in Sources */ = {isa = PBXBuildFile; fileRef = 96898F162833F57F00D55C1F /* DemoView.swift */; };
		96898F192833F6D500D55C1F /* Styling.swift in Sources */ = {isa = PBXBuildFile; fileRef = 96898F182833F6D500D55C1F /* Styling.swift */; };
		96898F1D2833FB4900D55C1F /* CompilerView.swift in Sources */ = {isa = PBXBuildFile; fileRef = 96898F1C2833FB4900D55C1F /* CompilerView.swift */; };
		96BABADB2834476500F2E4D5 /* NextilesSDK in Frameworks */ = {isa = PBXBuildFile; productRef = 96BABADA2834476500F2E4D5 /* NextilesSDK */; };
/* End PBXBuildFile section */

/* Begin PBXFileReference section */
		9600BDD02836E1A300A71A3E /* GreycliffCF-DemiBold.ttf */ = {isa = PBXFileReference; lastKnownFileType = file; path = "GreycliffCF-DemiBold.ttf"; sourceTree = "<group>"; };
		9600BDD12836E1A300A71A3E /* GreycliffCF-Bold.ttf */ = {isa = PBXFileReference; lastKnownFileType = file; path = "GreycliffCF-Bold.ttf"; sourceTree = "<group>"; };
		9600BDD32836E1A300A71A3E /* GreycliffCF-Regular.ttf */ = {isa = PBXFileReference; lastKnownFileType = file; path = "GreycliffCF-Regular.ttf"; sourceTree = "<group>"; };
		9600BDD92836E4CE00A71A3E /* nasalization-rg.ttf */ = {isa = PBXFileReference; lastKnownFileType = file; path = "nasalization-rg.ttf"; sourceTree = "<group>"; };
		962E84D328340EC4009D09AF /* DemoViewModel.swift */ = {isa = PBXFileReference; lastKnownFileType = sourcecode.swift; path = DemoViewModel.swift; sourceTree = "<group>"; };
		96898F022833F49800D55C1F /* nextiles-demo.app */ = {isa = PBXFileReference; explicitFileType = wrapper.application; includeInIndex = 0; path = "nextiles-demo.app"; sourceTree = BUILT_PRODUCTS_DIR; };
		96898F052833F49800D55C1F /* nextiles_demoApp.swift */ = {isa = PBXFileReference; lastKnownFileType = sourcecode.swift; path = nextiles_demoApp.swift; sourceTree = "<group>"; };
		96898F092833F49900D55C1F /* Assets.xcassets */ = {isa = PBXFileReference; lastKnownFileType = folder.assetcatalog; path = Assets.xcassets; sourceTree = "<group>"; };
		96898F0C2833F49900D55C1F /* Preview Assets.xcassets */ = {isa = PBXFileReference; lastKnownFileType = folder.assetcatalog; path = "Preview Assets.xcassets"; sourceTree = "<group>"; };
		96898F162833F57F00D55C1F /* DemoView.swift */ = {isa = PBXFileReference; lastKnownFileType = sourcecode.swift; path = DemoView.swift; sourceTree = "<group>"; };
		96898F182833F6D500D55C1F /* Styling.swift */ = {isa = PBXFileReference; lastKnownFileType = sourcecode.swift; path = Styling.swift; sourceTree = "<group>"; };
		96898F1C2833FB4900D55C1F /* CompilerView.swift */ = {isa = PBXFileReference; lastKnownFileType = sourcecode.swift; path = CompilerView.swift; sourceTree = "<group>"; };
/* End PBXFileReference section */

/* Begin PBXFrameworksBuildPhase section */
		96898EFF2833F49800D55C1F /* Frameworks */ = {
			isa = PBXFrameworksBuildPhase;
			buildActionMask = 2147483647;
			files = (
				96BABADB2834476500F2E4D5 /* NextilesSDK in Frameworks */,
			);
			runOnlyForDeploymentPostprocessing = 0;
		};
/* End PBXFrameworksBuildPhase section */

/* Begin PBXGroup section */
		96898EF92833F49800D55C1F = {
			isa = PBXGroup;
			children = (
				96898F042833F49800D55C1F /* nextiles-demo */,
				96898F032833F49800D55C1F /* Products */,
			);
			sourceTree = "<group>";
		};
		96898F032833F49800D55C1F /* Products */ = {
			isa = PBXGroup;
			children = (
				96898F022833F49800D55C1F /* nextiles-demo.app */,
			);
			name = Products;
			sourceTree = "<group>";
		};
		96898F042833F49800D55C1F /* nextiles-demo */ = {
			isa = PBXGroup;
			children = (
				96898F052833F49800D55C1F /* nextiles_demoApp.swift */,
				96898F152833F53900D55C1F /* Model */,
				96898F132833F50C00D55C1F /* View */,
				96898F142833F51500D55C1F /* ViewModel */,
				96898F092833F49900D55C1F /* Assets.xcassets */,
				9600BDD12836E1A300A71A3E /* GreycliffCF-Bold.ttf */,
				9600BDD02836E1A300A71A3E /* GreycliffCF-DemiBold.ttf */,
				9600BDD32836E1A300A71A3E /* GreycliffCF-Regular.ttf */,
				9600BDD92836E4CE00A71A3E /* nasalization-rg.ttf */,
				96898F0B2833F49900D55C1F /* Preview Content */,
			);
			path = "nextiles-demo";
			sourceTree = "<group>";
		};
		96898F0B2833F49900D55C1F /* Preview Content */ = {
			isa = PBXGroup;
			children = (
				96898F0C2833F49900D55C1F /* Preview Assets.xcassets */,
			);
			path = "Preview Content";
			sourceTree = "<group>";
		};
		96898F132833F50C00D55C1F /* View */ = {
			isa = PBXGroup;
			children = (
				96898F162833F57F00D55C1F /* DemoView.swift */,
				96898F1C2833FB4900D55C1F /* CompilerView.swift */,
			);
			path = View;
			sourceTree = "<group>";
		};
		96898F142833F51500D55C1F /* ViewModel */ = {
			isa = PBXGroup;
			children = (
				962E84D328340EC4009D09AF /* DemoViewModel.swift */,
			);
			path = ViewModel;
			sourceTree = "<group>";
		};
		96898F152833F53900D55C1F /* Model */ = {
			isa = PBXGroup;
			children = (
				96898F182833F6D500D55C1F /* Styling.swift */,
			);
			path = Model;
			sourceTree = "<group>";
		};
/* End PBXGroup section */

/* Begin PBXNativeTarget section */
		96898F012833F49800D55C1F /* nextiles-demo */ = {
			isa = PBXNativeTarget;
			buildConfigurationList = 96898F102833F49900D55C1F /* Build configuration list for PBXNativeTarget "nextiles-demo" */;
			buildPhases = (
				96898EFE2833F49800D55C1F /* Sources */,
				96898EFF2833F49800D55C1F /* Frameworks */,
				96898F002833F49800D55C1F /* Resources */,
			);
			buildRules = (
			);
			dependencies = (
			);
			name = "nextiles-demo";
			packageProductDependencies = (
				96BABADA2834476500F2E4D5 /* NextilesSDK */,
			);
			productName = "nextiles-demo";
			productReference = 96898F022833F49800D55C1F /* nextiles-demo.app */;
			productType = "com.apple.product-type.application";
		};
/* End PBXNativeTarget section */

/* Begin PBXProject section */
		96898EFA2833F49800D55C1F /* Project object */ = {
			isa = PBXProject;
			attributes = {
				BuildIndependentTargetsInParallel = 1;
				LastSwiftUpdateCheck = 1310;
				LastUpgradeCheck = 1310;
				TargetAttributes = {
					96898F012833F49800D55C1F = {
						CreatedOnToolsVersion = 13.1;
					};
				};
			};
			buildConfigurationList = 96898EFD2833F49800D55C1F /* Build configuration list for PBXProject "nextiles-demo" */;
			compatibilityVersion = "Xcode 13.0";
			developmentRegion = en;
			hasScannedForEncodings = 0;
			knownRegions = (
				en,
				Base,
			);
			mainGroup = 96898EF92833F49800D55C1F;
			packageReferences = (
				96BABAD92834476500F2E4D5 /* XCRemoteSwiftPackageReference "mobile-ios-sdk" */,
			);
			productRefGroup = 96898F032833F49800D55C1F /* Products */;
			projectDirPath = "";
			projectRoot = "";
			targets = (
				96898F012833F49800D55C1F /* nextiles-demo */,
			);
		};
/* End PBXProject section */

/* Begin PBXResourcesBuildPhase section */
		96898F002833F49800D55C1F /* Resources */ = {
			isa = PBXResourcesBuildPhase;
			buildActionMask = 2147483647;
			files = (
				96898F0D2833F49900D55C1F /* Preview Assets.xcassets in Resources */,
				9600BDD52836E1A300A71A3E /* GreycliffCF-Bold.ttf in Resources */,
				9600BDD72836E1A300A71A3E /* GreycliffCF-Regular.ttf in Resources */,
				9600BDDA2836E4CE00A71A3E /* nasalization-rg.ttf in Resources */,
				9600BDD42836E1A300A71A3E /* GreycliffCF-DemiBold.ttf in Resources */,
				96898F0A2833F49900D55C1F /* Assets.xcassets in Resources */,
			);
			runOnlyForDeploymentPostprocessing = 0;
		};
/* End PBXResourcesBuildPhase section */

/* Begin PBXSourcesBuildPhase section */
		96898EFE2833F49800D55C1F /* Sources */ = {
			isa = PBXSourcesBuildPhase;
			buildActionMask = 2147483647;
			files = (
				96898F192833F6D500D55C1F /* Styling.swift in Sources */,
				96898F062833F49800D55C1F /* nextiles_demoApp.swift in Sources */,
				96898F172833F57F00D55C1F /* DemoView.swift in Sources */,
				962E84D428340EC4009D09AF /* DemoViewModel.swift in Sources */,
				96898F1D2833FB4900D55C1F /* CompilerView.swift in Sources */,
			);
			runOnlyForDeploymentPostprocessing = 0;
		};
/* End PBXSourcesBuildPhase section */

/* Begin XCBuildConfiguration section */
		96898F0E2833F49900D55C1F /* Debug */ = {
			isa = XCBuildConfiguration;
			buildSettings = {
				ALWAYS_SEARCH_USER_PATHS = NO;
				CLANG_ANALYZER_NONNULL = YES;
				CLANG_ANALYZER_NUMBER_OBJECT_CONVERSION = YES_AGGRESSIVE;
				CLANG_CXX_LANGUAGE_STANDARD = "gnu++17";
				CLANG_CXX_LIBRARY = "libc++";
				CLANG_ENABLE_MODULES = YES;
				CLANG_ENABLE_OBJC_ARC = YES;
				CLANG_ENABLE_OBJC_WEAK = YES;
				CLANG_WARN_BLOCK_CAPTURE_AUTORELEASING = YES;
				CLANG_WARN_BOOL_CONVERSION = YES;
				CLANG_WARN_COMMA = YES;
				CLANG_WARN_CONSTANT_CONVERSION = YES;
				CLANG_WARN_DEPRECATED_OBJC_IMPLEMENTATIONS = YES;
				CLANG_WARN_DIRECT_OBJC_ISA_USAGE = YES_ERROR;
				CLANG_WARN_DOCUMENTATION_COMMENTS = YES;
				CLANG_WARN_EMPTY_BODY = YES;
				CLANG_WARN_ENUM_CONVERSION = YES;
				CLANG_WARN_INFINITE_RECURSION = YES;
				CLANG_WARN_INT_CONVERSION = YES;
				CLANG_WARN_NON_LITERAL_NULL_CONVERSION = YES;
				CLANG_WARN_OBJC_IMPLICIT_RETAIN_SELF = YES;
				CLANG_WARN_OBJC_LITERAL_CONVERSION = YES;
				CLANG_WARN_OBJC_ROOT_CLASS = YES_ERROR;
				CLANG_WARN_QUOTED_INCLUDE_IN_FRAMEWORK_HEADER = YES;
				CLANG_WARN_RANGE_LOOP_ANALYSIS = YES;
				CLANG_WARN_STRICT_PROTOTYPES = YES;
				CLANG_WARN_SUSPICIOUS_MOVE = YES;
				CLANG_WARN_UNGUARDED_AVAILABILITY = YES_AGGRESSIVE;
				CLANG_WARN_UNREACHABLE_CODE = YES;
				CLANG_WARN__DUPLICATE_METHOD_MATCH = YES;
				COPY_PHASE_STRIP = NO;
				DEBUG_INFORMATION_FORMAT = dwarf;
				ENABLE_STRICT_OBJC_MSGSEND = YES;
				ENABLE_TESTABILITY = YES;
				GCC_C_LANGUAGE_STANDARD = gnu11;
				GCC_DYNAMIC_NO_PIC = NO;
				GCC_NO_COMMON_BLOCKS = YES;
				GCC_OPTIMIZATION_LEVEL = 0;
				GCC_PREPROCESSOR_DEFINITIONS = (
					"DEBUG=1",
					"$(inherited)",
				);
				GCC_WARN_64_TO_32_BIT_CONVERSION = YES;
				GCC_WARN_ABOUT_RETURN_TYPE = YES_ERROR;
				GCC_WARN_UNDECLARED_SELECTOR = YES;
				GCC_WARN_UNINITIALIZED_AUTOS = YES_AGGRESSIVE;
				GCC_WARN_UNUSED_FUNCTION = YES;
				GCC_WARN_UNUSED_VARIABLE = YES;
				IPHONEOS_DEPLOYMENT_TARGET = 14.7;
				MTL_ENABLE_DEBUG_INFO = INCLUDE_SOURCE;
				MTL_FAST_MATH = YES;
				ONLY_ACTIVE_ARCH = YES;
				SDKROOT = iphoneos;
				SWIFT_ACTIVE_COMPILATION_CONDITIONS = DEBUG;
				SWIFT_OPTIMIZATION_LEVEL = "-Onone";
			};
			name = Debug;
		};
		96898F0F2833F49900D55C1F /* Release */ = {
			isa = XCBuildConfiguration;
			buildSettings = {
				ALWAYS_SEARCH_USER_PATHS = NO;
				CLANG_ANALYZER_NONNULL = YES;
				CLANG_ANALYZER_NUMBER_OBJECT_CONVERSION = YES_AGGRESSIVE;
				CLANG_CXX_LANGUAGE_STANDARD = "gnu++17";
				CLANG_CXX_LIBRARY = "libc++";
				CLANG_ENABLE_MODULES = YES;
				CLANG_ENABLE_OBJC_ARC = YES;
				CLANG_ENABLE_OBJC_WEAK = YES;
				CLANG_WARN_BLOCK_CAPTURE_AUTORELEASING = YES;
				CLANG_WARN_BOOL_CONVERSION = YES;
				CLANG_WARN_COMMA = YES;
				CLANG_WARN_CONSTANT_CONVERSION = YES;
				CLANG_WARN_DEPRECATED_OBJC_IMPLEMENTATIONS = YES;
				CLANG_WARN_DIRECT_OBJC_ISA_USAGE = YES_ERROR;
				CLANG_WARN_DOCUMENTATION_COMMENTS = YES;
				CLANG_WARN_EMPTY_BODY = YES;
				CLANG_WARN_ENUM_CONVERSION = YES;
				CLANG_WARN_INFINITE_RECURSION = YES;
				CLANG_WARN_INT_CONVERSION = YES;
				CLANG_WARN_NON_LITERAL_NULL_CONVERSION = YES;
				CLANG_WARN_OBJC_IMPLICIT_RETAIN_SELF = YES;
				CLANG_WARN_OBJC_LITERAL_CONVERSION = YES;
				CLANG_WARN_OBJC_ROOT_CLASS = YES_ERROR;
				CLANG_WARN_QUOTED_INCLUDE_IN_FRAMEWORK_HEADER = YES;
				CLANG_WARN_RANGE_LOOP_ANALYSIS = YES;
				CLANG_WARN_STRICT_PROTOTYPES = YES;
				CLANG_WARN_SUSPICIOUS_MOVE = YES;
				CLANG_WARN_UNGUARDED_AVAILABILITY = YES_AGGRESSIVE;
				CLANG_WARN_UNREACHABLE_CODE = YES;
				CLANG_WARN__DUPLICATE_METHOD_MATCH = YES;
				COPY_PHASE_STRIP = NO;
				DEBUG_INFORMATION_FORMAT = "dwarf-with-dsym";
				ENABLE_NS_ASSERTIONS = NO;
				ENABLE_STRICT_OBJC_MSGSEND = YES;
				GCC_C_LANGUAGE_STANDARD = gnu11;
				GCC_NO_COMMON_BLOCKS = YES;
				GCC_WARN_64_TO_32_BIT_CONVERSION = YES;
				GCC_WARN_ABOUT_RETURN_TYPE = YES_ERROR;
				GCC_WARN_UNDECLARED_SELECTOR = YES;
				GCC_WARN_UNINITIALIZED_AUTOS = YES_AGGRESSIVE;
				GCC_WARN_UNUSED_FUNCTION = YES;
				GCC_WARN_UNUSED_VARIABLE = YES;
				IPHONEOS_DEPLOYMENT_TARGET = 14.7;
				MTL_ENABLE_DEBUG_INFO = NO;
				MTL_FAST_MATH = YES;
				SDKROOT = iphoneos;
				SWIFT_COMPILATION_MODE = wholemodule;
				SWIFT_OPTIMIZATION_LEVEL = "-O";
				VALIDATE_PRODUCT = YES;
			};
			name = Release;
		};
		96898F112833F49900D55C1F /* Debug */ = {
			isa = XCBuildConfiguration;
			buildSettings = {
				ASSETCATALOG_COMPILER_APPICON_NAME = AppIcon;
				ASSETCATALOG_COMPILER_GLOBAL_ACCENT_COLOR_NAME = AccentColor;
				CODE_SIGN_STYLE = Automatic;
				CURRENT_PROJECT_VERSION = 1;
				DEVELOPMENT_ASSET_PATHS = "\"nextiles-demo/Preview Content\"";
				DEVELOPMENT_TEAM = 9ZLG5436N6;
				ENABLE_PREVIEWS = YES;
				GENERATE_INFOPLIST_FILE = YES;
				INFOPLIST_FILE = "nextiles-demo/Info.plist";
				INFOPLIST_KEY_NSBluetoothAlwaysUsageDescription = "Need bluetooth permission";
				INFOPLIST_KEY_NSBluetoothPeripheralUsageDescription = "Need bluetooth permission";
				INFOPLIST_KEY_UIApplicationSceneManifest_Generation = YES;
				INFOPLIST_KEY_UIApplicationSupportsIndirectInputEvents = YES;
				INFOPLIST_KEY_UILaunchScreen_Generation = YES;
				INFOPLIST_KEY_UISupportedInterfaceOrientations_iPad = "UIInterfaceOrientationPortrait UIInterfaceOrientationPortraitUpsideDown UIInterfaceOrientationLandscapeLeft UIInterfaceOrientationLandscapeRight";
				INFOPLIST_KEY_UISupportedInterfaceOrientations_iPhone = "UIInterfaceOrientationPortrait UIInterfaceOrientationLandscapeLeft UIInterfaceOrientationLandscapeRight";
				LD_RUNPATH_SEARCH_PATHS = (
					"$(inherited)",
					"@executable_path/Frameworks",
				);
				MARKETING_VERSION = 1.0;
				PRODUCT_BUNDLE_IDENTIFIER = "com.Nextiles.nextiles-demo";
				PRODUCT_NAME = "$(TARGET_NAME)";
				SWIFT_EMIT_LOC_STRINGS = YES;
				SWIFT_VERSION = 5.0;
				TARGETED_DEVICE_FAMILY = "1,2";
			};
			name = Debug;
		};
		96898F122833F49900D55C1F /* Release */ = {
			isa = XCBuildConfiguration;
			buildSettings = {
				ASSETCATALOG_COMPILER_APPICON_NAME = AppIcon;
				ASSETCATALOG_COMPILER_GLOBAL_ACCENT_COLOR_NAME = AccentColor;
				CODE_SIGN_STYLE = Automatic;
				CURRENT_PROJECT_VERSION = 1;
				DEVELOPMENT_ASSET_PATHS = "\"nextiles-demo/Preview Content\"";
				DEVELOPMENT_TEAM = 9ZLG5436N6;
				ENABLE_PREVIEWS = YES;
				GENERATE_INFOPLIST_FILE = YES;
				INFOPLIST_FILE = "nextiles-demo/Info.plist";
				INFOPLIST_KEY_NSBluetoothAlwaysUsageDescription = "Need bluetooth permission";
				INFOPLIST_KEY_NSBluetoothPeripheralUsageDescription = "Need bluetooth permission";
				INFOPLIST_KEY_UIApplicationSceneManifest_Generation = YES;
				INFOPLIST_KEY_UIApplicationSupportsIndirectInputEvents = YES;
				INFOPLIST_KEY_UILaunchScreen_Generation = YES;
				INFOPLIST_KEY_UISupportedInterfaceOrientations_iPad = "UIInterfaceOrientationPortrait UIInterfaceOrientationPortraitUpsideDown UIInterfaceOrientationLandscapeLeft UIInterfaceOrientationLandscapeRight";
				INFOPLIST_KEY_UISupportedInterfaceOrientations_iPhone = "UIInterfaceOrientationPortrait UIInterfaceOrientationLandscapeLeft UIInterfaceOrientationLandscapeRight";
				LD_RUNPATH_SEARCH_PATHS = (
					"$(inherited)",
					"@executable_path/Frameworks",
				);
				MARKETING_VERSION = 1.0;
				PRODUCT_BUNDLE_IDENTIFIER = "com.Nextiles.nextiles-demo";
				PRODUCT_NAME = "$(TARGET_NAME)";
				SWIFT_EMIT_LOC_STRINGS = YES;
				SWIFT_VERSION = 5.0;
				TARGETED_DEVICE_FAMILY = "1,2";
			};
			name = Release;
		};
/* End XCBuildConfiguration section */

/* Begin XCConfigurationList section */
		96898EFD2833F49800D55C1F /* Build configuration list for PBXProject "nextiles-demo" */ = {
			isa = XCConfigurationList;
			buildConfigurations = (
				96898F0E2833F49900D55C1F /* Debug */,
				96898F0F2833F49900D55C1F /* Release */,
			);
			defaultConfigurationIsVisible = 0;
			defaultConfigurationName = Release;
		};
		96898F102833F49900D55C1F /* Build configuration list for PBXNativeTarget "nextiles-demo" */ = {
			isa = XCConfigurationList;
			buildConfigurations = (
				96898F112833F49900D55C1F /* Debug */,
				96898F122833F49900D55C1F /* Release */,
			);
			defaultConfigurationIsVisible = 0;
			defaultConfigurationName = Release;
		};
/* End XCConfigurationList section */

/* Begin XCRemoteSwiftPackageReference section */
		96BABAD92834476500F2E4D5 /* XCRemoteSwiftPackageReference "mobile-ios-sdk" */ = {
			isa = XCRemoteSwiftPackageReference;
			repositoryURL = "https://github.com/Nextiles/mobile-ios-sdk/";
			requirement = {
				kind = exactVersion;
				version = 0.1.0;
			};
		};
/* End XCRemoteSwiftPackageReference section */

/* Begin XCSwiftPackageProductDependency section */
		96BABADA2834476500F2E4D5 /* NextilesSDK */ = {
			isa = XCSwiftPackageProductDependency;
			package = 96BABAD92834476500F2E4D5 /* XCRemoteSwiftPackageReference "mobile-ios-sdk" */;
			productName = NextilesSDK;
		};
/* End XCSwiftPackageProductDependency section */
	};
	rootObject = 96898EFA2833F49800D55C1F /* Project object */;
}
